
Microsoft Visual Studio Solution File, Format Version 12.00
# Visual Studio 14
VisualStudioVersion = 14.0.23107.0
MinimumVisualStudioVersion = 10.0.40219.1
Project("{FAE04EC0-301F-11D3-BF4B-00C04F79EFBC}") = "Ex03.GarageLogic", "Ex03.GarageLogic\Ex03.GarageLogic.csproj", "{820DB9C7-8F6B-4D22-A4AC-937B02514649}"
EndProject
Project("{FAE04EC0-301F-11D3-BF4B-00C04F79EFBC}") = "Ex03.ConsoleUI", "Ex03.ConsoleUI\Ex03.ConsoleUI.csproj", "{41047121-474C-4024-9CFB-3C50D1DE753A}"
EndProject
Global
	GlobalSection(SolutionConfigurationPlatforms) = preSolution
		Debug|Any CPU = Debug|Any CPU
		Release|Any CPU = Release|Any CPU
	EndGlobalSection
	GlobalSection(ProjectConfigurationPlatforms) = postSolution
		{820DB9C7-8F6B-4D22-A4AC-937B02514649}.Debug|Any CPU.ActiveCfg = Debug|Any CPU
		{820DB9C7-8F6B-4D22-A4AC-937B02514649}.Debug|Any CPU.Build.0 = Debug|Any CPU
		{820DB9C7-8F6B-4D22-A4AC-937B02514649}.Release|Any CPU.ActiveCfg = Release|Any CPU
		{820DB9C7-8F6B-4D22-A4AC-937B02514649}.Release|Any CPU.Build.0 = Release|Any CPU
		{41047121-474C-4024-9CFB-3C50D1DE753A}.Debug|Any CPU.ActiveCfg = Debug|Any CPU
		{41047121-474C-4024-9CFB-3C50D1DE753A}.Debug|Any CPU.Build.0 = Debug|Any CPU
		{41047121-474C-4024-9CFB-3C50D1DE753A}.Release|Any CPU.ActiveCfg = Release|Any CPU
		{41047121-474C-4024-9CFB-3C50D1DE753A}.Release|Any CPU.Build.0 = Release|Any CPU
	EndGlobalSection
	GlobalSection(SolutionProperties) = preSolution
		HideSolutionNode = FALSE
	EndGlobalSection
EndGlobal
